
Microsoft Visual Studio Solution File, Format Version 12.00
# Visual Studio Version 16
VisualStudioVersion = 16.0.30406.217
MinimumVisualStudioVersion = 10.0.40219.1
Project("{FAE04EC0-301F-11D3-BF4B-00C04F79EFBC}") = "projeto-emed", "projeto-emed\projeto-emed.csproj", "{BC999744-0868-4BBA-AEC8-D191B8B142AA}"
EndProject
Global
	GlobalSection(SolutionConfigurationPlatforms) = preSolution
		Debug|Any CPU = Debug|Any CPU
		Release|Any CPU = Release|Any CPU
	EndGlobalSection
	GlobalSection(ProjectConfigurationPlatforms) = postSolution
		{BC999744-0868-4BBA-AEC8-D191B8B142AA}.Debug|Any CPU.ActiveCfg = Debug|Any CPU
		{BC999744-0868-4BBA-AEC8-D191B8B142AA}.Debug|Any CPU.Build.0 = Debug|Any CPU
		{BC999744-0868-4BBA-AEC8-D191B8B142AA}.Release|Any CPU.ActiveCfg = Release|Any CPU
		{BC999744-0868-4BBA-AEC8-D191B8B142AA}.Release|Any CPU.Build.0 = Release|Any CPU
	EndGlobalSection
	GlobalSection(SolutionProperties) = preSolution
		HideSolutionNode = FALSE
	EndGlobalSection
	GlobalSection(ExtensibilityGlobals) = postSolution
		SolutionGuid = {CE6B5BFC-33DB-4A27-BF13-629587AA8534}
	EndGlobalSection
EndGlobal
